// !$*UTF8*$!
{
	archiveVersion = 1;
	classes = {
	};
	objectVersion = 55;
	objects = {

/* Begin PBXBuildFile section */
		42662F1A2A4B600D0064F77C /* EndoEaseApp.swift in Sources */ = {isa = PBXBuildFile; fileRef = 42662F192A4B600D0064F77C /* EndoEaseApp.swift */; };
		42662F1C2A4B600D0064F77C /* ContentView.swift in Sources */ = {isa = PBXBuildFile; fileRef = 42662F1B2A4B600D0064F77C /* ContentView.swift */; };
		42662F1E2A4B60130064F77C /* Assets.xcassets in Resources */ = {isa = PBXBuildFile; fileRef = 42662F1D2A4B60130064F77C /* Assets.xcassets */; };
		42662F212A4B60130064F77C /* Preview Assets.xcassets in Resources */ = {isa = PBXBuildFile; fileRef = 42662F202A4B60130064F77C /* Preview Assets.xcassets */; };
		8F04534D2A4CDD3B003CADAF /* TalkItOutView.swift in Sources */ = {isa = PBXBuildFile; fileRef = 8F04534C2A4CDD3B003CADAF /* TalkItOutView.swift */; };
		8F04534F2A4CDD61003CADAF /* RecordSymptomsView.swift in Sources */ = {isa = PBXBuildFile; fileRef = 8F04534E2A4CDD61003CADAF /* RecordSymptomsView.swift */; };
		8F0453512A4CDD88003CADAF /* LearnMoreView.swift in Sources */ = {isa = PBXBuildFile; fileRef = 8F0453502A4CDD88003CADAF /* LearnMoreView.swift */; };
/* End PBXBuildFile section */

/* Begin PBXFileReference section */
		42662F162A4B600D0064F77C /* EndoEase.app */ = {isa = PBXFileReference; explicitFileType = wrapper.application; includeInIndex = 0; path = EndoEase.app; sourceTree = BUILT_PRODUCTS_DIR; };
		42662F192A4B600D0064F77C /* EndoEaseApp.swift */ = {isa = PBXFileReference; lastKnownFileType = sourcecode.swift; path = EndoEaseApp.swift; sourceTree = "<group>"; };
		42662F1B2A4B600D0064F77C /* ContentView.swift */ = {isa = PBXFileReference; lastKnownFileType = sourcecode.swift; path = ContentView.swift; sourceTree = "<group>"; };
		42662F1D2A4B60130064F77C /* Assets.xcassets */ = {isa = PBXFileReference; lastKnownFileType = folder.assetcatalog; path = Assets.xcassets; sourceTree = "<group>"; };
		42662F202A4B60130064F77C /* Preview Assets.xcassets */ = {isa = PBXFileReference; lastKnownFileType = folder.assetcatalog; path = "Preview Assets.xcassets"; sourceTree = "<group>"; };
		8F04534C2A4CDD3B003CADAF /* TalkItOutView.swift */ = {isa = PBXFileReference; lastKnownFileType = sourcecode.swift; path = TalkItOutView.swift; sourceTree = "<group>"; };
		8F04534E2A4CDD61003CADAF /* RecordSymptomsView.swift */ = {isa = PBXFileReference; lastKnownFileType = sourcecode.swift; path = RecordSymptomsView.swift; sourceTree = "<group>"; };
		8F0453502A4CDD88003CADAF /* LearnMoreView.swift */ = {isa = PBXFileReference; lastKnownFileType = sourcecode.swift; path = LearnMoreView.swift; sourceTree = "<group>"; };
/* End PBXFileReference section */

/* Begin PBXFrameworksBuildPhase section */
		42662F132A4B600D0064F77C /* Frameworks */ = {
			isa = PBXFrameworksBuildPhase;
			buildActionMask = 2147483647;
			files = (
			);
			runOnlyForDeploymentPostprocessing = 0;
		};
/* End PBXFrameworksBuildPhase section */

/* Begin PBXGroup section */
		42662F0D2A4B600D0064F77C = {
			isa = PBXGroup;
			children = (
				42662F182A4B600D0064F77C /* EndoEase */,
				42662F172A4B600D0064F77C /* Products */,
			);
			sourceTree = "<group>";
		};
		42662F172A4B600D0064F77C /* Products */ = {
			isa = PBXGroup;
			children = (
				42662F162A4B600D0064F77C /* EndoEase.app */,
			);
			name = Products;
			sourceTree = "<group>";
		};
		42662F182A4B600D0064F77C /* EndoEase */ = {
			isa = PBXGroup;
			children = (
				42662F192A4B600D0064F77C /* EndoEaseApp.swift */,
				42662F1B2A4B600D0064F77C /* ContentView.swift */,
				8F0453502A4CDD88003CADAF /* LearnMoreView.swift */,
				8F04534E2A4CDD61003CADAF /* RecordSymptomsView.swift */,
				8F04534C2A4CDD3B003CADAF /* TalkItOutView.swift */,
				42662F1D2A4B60130064F77C /* Assets.xcassets */,
				42662F1F2A4B60130064F77C /* Preview Content */,
			);
			path = EndoEase;
			sourceTree = "<group>";
		};
		42662F1F2A4B60130064F77C /* Preview Content */ = {
			isa = PBXGroup;
			children = (
				42662F202A4B60130064F77C /* Preview Assets.xcassets */,
			);
			path = "Preview Content";
			sourceTree = "<group>";
		};
/* End PBXGroup section */

/* Begin PBXNativeTarget section */
		42662F152A4B600D0064F77C /* EndoEase */ = {
			isa = PBXNativeTarget;
			buildConfigurationList = 42662F242A4B60130064F77C /* Build configuration list for PBXNativeTarget "EndoEase" */;
			buildPhases = (
				42662F122A4B600D0064F77C /* Sources */,
				42662F132A4B600D0064F77C /* Frameworks */,
				42662F142A4B600D0064F77C /* Resources */,
			);
			buildRules = (
			);
			dependencies = (
			);
			name = EndoEase;
			productName = EndoEase;
			productReference = 42662F162A4B600D0064F77C /* EndoEase.app */;
			productType = "com.apple.product-type.application";
		};
/* End PBXNativeTarget section */

/* Begin PBXProject section */
		42662F0E2A4B600D0064F77C /* Project object */ = {
			isa = PBXProject;
			attributes = {
				BuildIndependentTargetsInParallel = 1;
				LastSwiftUpdateCheck = 1320;
				LastUpgradeCheck = 1320;
				TargetAttributes = {
					42662F152A4B600D0064F77C = {
						CreatedOnToolsVersion = 13.2.1;
					};
				};
			};
			buildConfigurationList = 42662F112A4B600D0064F77C /* Build configuration list for PBXProject "EndoEase" */;
			compatibilityVersion = "Xcode 13.0";
			developmentRegion = en;
			hasScannedForEncodings = 0;
			knownRegions = (
				en,
				Base,
			);
			mainGroup = 42662F0D2A4B600D0064F77C;
			productRefGroup = 42662F172A4B600D0064F77C /* Products */;
			projectDirPath = "";
			projectRoot = "";
			targets = (
				42662F152A4B600D0064F77C /* EndoEase */,
			);
		};
/* End PBXProject section */

/* Begin PBXResourcesBuildPhase section */
		42662F142A4B600D0064F77C /* Resources */ = {
			isa = PBXResourcesBuildPhase;
			buildActionMask = 2147483647;
			files = (
				42662F212A4B60130064F77C /* Preview Assets.xcassets in Resources */,
				42662F1E2A4B60130064F77C /* Assets.xcassets in Resources */,
			);
			runOnlyForDeploymentPostprocessing = 0;
		};
/* End PBXResourcesBuildPhase section */

/* Begin PBXSourcesBuildPhase section */
		42662F122A4B600D0064F77C /* Sources */ = {
			isa = PBXSourcesBuildPhase;
			buildActionMask = 2147483647;
			files = (
				8F0453512A4CDD88003CADAF /* LearnMoreView.swift in Sources */,
				42662F1C2A4B600D0064F77C /* ContentView.swift in Sources */,
				8F04534F2A4CDD61003CADAF /* RecordSymptomsView.swift in Sources */,
				42662F1A2A4B600D0064F77C /* EndoEaseApp.swift in Sources */,
				8F04534D2A4CDD3B003CADAF /* TalkItOutView.swift in Sources */,
			);
			runOnlyForDeploymentPostprocessing = 0;
		};
/* End PBXSourcesBuildPhase section */

/* Begin XCBuildConfiguration section */
		42662F222A4B60130064F77C /* Debug */ = {
			isa = XCBuildConfiguration;
			buildSettings = {
				ALWAYS_SEARCH_USER_PATHS = NO;
				CLANG_ANALYZER_NONNULL = YES;
				CLANG_ANALYZER_NUMBER_OBJECT_CONVERSION = YES_AGGRESSIVE;
				CLANG_CXX_LANGUAGE_STANDARD = "gnu++17";
				CLANG_CXX_LIBRARY = "libc++";
				CLANG_ENABLE_MODULES = YES;
				CLANG_ENABLE_OBJC_ARC = YES;
				CLANG_ENABLE_OBJC_WEAK = YES;
				CLANG_WARN_BLOCK_CAPTURE_AUTORELEASING = YES;
				CLANG_WARN_BOOL_CONVERSION = YES;
				CLANG_WARN_COMMA = YES;
				CLANG_WARN_CONSTANT_CONVERSION = YES;
				CLANG_WARN_DEPRECATED_OBJC_IMPLEMENTATIONS = YES;
				CLANG_WARN_DIRECT_OBJC_ISA_USAGE = YES_ERROR;
				CLANG_WARN_DOCUMENTATION_COMMENTS = YES;
				CLANG_WARN_EMPTY_BODY = YES;
				CLANG_WARN_ENUM_CONVERSION = YES;
				CLANG_WARN_INFINITE_RECURSION = YES;
				CLANG_WARN_INT_CONVERSION = YES;
				CLANG_WARN_NON_LITERAL_NULL_CONVERSION = YES;
				CLANG_WARN_OBJC_IMPLICIT_RETAIN_SELF = YES;
				CLANG_WARN_OBJC_LITERAL_CONVERSION = YES;
				CLANG_WARN_OBJC_ROOT_CLASS = YES_ERROR;
				CLANG_WARN_QUOTED_INCLUDE_IN_FRAMEWORK_HEADER = YES;
				CLANG_WARN_RANGE_LOOP_ANALYSIS = YES;
				CLANG_WARN_STRICT_PROTOTYPES = YES;
				CLANG_WARN_SUSPICIOUS_MOVE = YES;
				CLANG_WARN_UNGUARDED_AVAILABILITY = YES_AGGRESSIVE;
				CLANG_WARN_UNREACHABLE_CODE = YES;
				CLANG_WARN__DUPLICATE_METHOD_MATCH = YES;
				COPY_PHASE_STRIP = NO;
				DEBUG_INFORMATION_FORMAT = dwarf;
				ENABLE_STRICT_OBJC_MSGSEND = YES;
				ENABLE_TESTABILITY = YES;
				GCC_C_LANGUAGE_STANDARD = gnu11;
				GCC_DYNAMIC_NO_PIC = NO;
				GCC_NO_COMMON_BLOCKS = YES;
				GCC_OPTIMIZATION_LEVEL = 0;
				GCC_PREPROCESSOR_DEFINITIONS = (
					"DEBUG=1",
					"$(inherited)",
				);
				GCC_WARN_64_TO_32_BIT_CONVERSION = YES;
				GCC_WARN_ABOUT_RETURN_TYPE = YES_ERROR;
				GCC_WARN_UNDECLARED_SELECTOR = YES;
				GCC_WARN_UNINITIALIZED_AUTOS = YES_AGGRESSIVE;
				GCC_WARN_UNUSED_FUNCTION = YES;
				GCC_WARN_UNUSED_VARIABLE = YES;
				IPHONEOS_DEPLOYMENT_TARGET = 15.2;
				MTL_ENABLE_DEBUG_INFO = INCLUDE_SOURCE;
				MTL_FAST_MATH = YES;
				ONLY_ACTIVE_ARCH = YES;
				SDKROOT = iphoneos;
				SWIFT_ACTIVE_COMPILATION_CONDITIONS = DEBUG;
				SWIFT_OPTIMIZATION_LEVEL = "-Onone";
			};
			name = Debug;
		};
		42662F232A4B60130064F77C /* Release */ = {
			isa = XCBuildConfiguration;
			buildSettings = {
				ALWAYS_SEARCH_USER_PATHS = NO;
				CLANG_ANALYZER_NONNULL = YES;
				CLANG_ANALYZER_NUMBER_OBJECT_CONVERSION = YES_AGGRESSIVE;
				CLANG_CXX_LANGUAGE_STANDARD = "gnu++17";
				CLANG_CXX_LIBRARY = "libc++";
				CLANG_ENABLE_MODULES = YES;
				CLANG_ENABLE_OBJC_ARC = YES;
				CLANG_ENABLE_OBJC_WEAK = YES;
				CLANG_WARN_BLOCK_CAPTURE_AUTORELEASING = YES;
				CLANG_WARN_BOOL_CONVERSION = YES;
				CLANG_WARN_COMMA = YES;
				CLANG_WARN_CONSTANT_CONVERSION = YES;
				CLANG_WARN_DEPRECATED_OBJC_IMPLEMENTATIONS = YES;
				CLANG_WARN_DIRECT_OBJC_ISA_USAGE = YES_ERROR;
				CLANG_WARN_DOCUMENTATION_COMMENTS = YES;
				CLANG_WARN_EMPTY_BODY = YES;
				CLANG_WARN_ENUM_CONVERSION = YES;
				CLANG_WARN_INFINITE_RECURSION = YES;
				CLANG_WARN_INT_CONVERSION = YES;
				CLANG_WARN_NON_LITERAL_NULL_CONVERSION = YES;
				CLANG_WARN_OBJC_IMPLICIT_RETAIN_SELF = YES;
				CLANG_WARN_OBJC_LITERAL_CONVERSION = YES;
				CLANG_WARN_OBJC_ROOT_CLASS = YES_ERROR;
				CLANG_WARN_QUOTED_INCLUDE_IN_FRAMEWORK_HEADER = YES;
				CLANG_WARN_RANGE_LOOP_ANALYSIS = YES;
				CLANG_WARN_STRICT_PROTOTYPES = YES;
				CLANG_WARN_SUSPICIOUS_MOVE = YES;
				CLANG_WARN_UNGUARDED_AVAILABILITY = YES_AGGRESSIVE;
				CLANG_WARN_UNREACHABLE_CODE = YES;
				CLANG_WARN__DUPLICATE_METHOD_MATCH = YES;
				COPY_PHASE_STRIP = NO;
				DEBUG_INFORMATION_FORMAT = "dwarf-with-dsym";
				ENABLE_NS_ASSERTIONS = NO;
				ENABLE_STRICT_OBJC_MSGSEND = YES;
				GCC_C_LANGUAGE_STANDARD = gnu11;
				GCC_NO_COMMON_BLOCKS = YES;
				GCC_WARN_64_TO_32_BIT_CONVERSION = YES;
				GCC_WARN_ABOUT_RETURN_TYPE = YES_ERROR;
				GCC_WARN_UNDECLARED_SELECTOR = YES;
				GCC_WARN_UNINITIALIZED_AUTOS = YES_AGGRESSIVE;
				GCC_WARN_UNUSED_FUNCTION = YES;
				GCC_WARN_UNUSED_VARIABLE = YES;
				IPHONEOS_DEPLOYMENT_TARGET = 15.2;
				MTL_ENABLE_DEBUG_INFO = NO;
				MTL_FAST_MATH = YES;
				SDKROOT = iphoneos;
				SWIFT_COMPILATION_MODE = wholemodule;
				SWIFT_OPTIMIZATION_LEVEL = "-O";
				VALIDATE_PRODUCT = YES;
			};
			name = Release;
		};
		42662F252A4B60130064F77C /* Debug */ = {
			isa = XCBuildConfiguration;
			buildSettings = {
				ASSETCATALOG_COMPILER_APPICON_NAME = AppIcon;
				ASSETCATALOG_COMPILER_GLOBAL_ACCENT_COLOR_NAME = AccentColor;
				CODE_SIGN_STYLE = Automatic;
				CURRENT_PROJECT_VERSION = 1;
				DEVELOPMENT_ASSET_PATHS = "\"EndoEase/Preview Content\"";
				DEVELOPMENT_TEAM = WQQKQ65NJ5;
				ENABLE_PREVIEWS = YES;
				GENERATE_INFOPLIST_FILE = YES;
				INFOPLIST_KEY_UIApplicationSceneManifest_Generation = YES;
				INFOPLIST_KEY_UIApplicationSupportsIndirectInputEvents = YES;
				INFOPLIST_KEY_UILaunchScreen_Generation = YES;
				INFOPLIST_KEY_UISupportedInterfaceOrientations_iPad = "UIInterfaceOrientationPortrait UIInterfaceOrientationPortraitUpsideDown UIInterfaceOrientationLandscapeLeft UIInterfaceOrientationLandscapeRight";
				INFOPLIST_KEY_UISupportedInterfaceOrientations_iPhone = "UIInterfaceOrientationPortrait UIInterfaceOrientationLandscapeLeft UIInterfaceOrientationLandscapeRight";
				LD_RUNPATH_SEARCH_PATHS = (
					"$(inherited)",
					"@executable_path/Frameworks",
				);
				MARKETING_VERSION = 1.0;
				PRODUCT_BUNDLE_IDENTIFIER = kwk.EndoEase;
				PRODUCT_NAME = "$(TARGET_NAME)";
				SWIFT_EMIT_LOC_STRINGS = YES;
				SWIFT_VERSION = 5.0;
				TARGETED_DEVICE_FAMILY = "1,2";
			};
			name = Debug;
		};
		42662F262A4B60130064F77C /* Release */ = {
			isa = XCBuildConfiguration;
			buildSettings = {
				ASSETCATALOG_COMPILER_APPICON_NAME = AppIcon;
				ASSETCATALOG_COMPILER_GLOBAL_ACCENT_COLOR_NAME = AccentColor;
				CODE_SIGN_STYLE = Automatic;
				CURRENT_PROJECT_VERSION = 1;
				DEVELOPMENT_ASSET_PATHS = "\"EndoEase/Preview Content\"";
				DEVELOPMENT_TEAM = WQQKQ65NJ5;
				ENABLE_PREVIEWS = YES;
				GENERATE_INFOPLIST_FILE = YES;
				INFOPLIST_KEY_UIApplicationSceneManifest_Generation = YES;
				INFOPLIST_KEY_UIApplicationSupportsIndirectInputEvents = YES;
				INFOPLIST_KEY_UILaunchScreen_Generation = YES;
				INFOPLIST_KEY_UISupportedInterfaceOrientations_iPad = "UIInterfaceOrientationPortrait UIInterfaceOrientationPortraitUpsideDown UIInterfaceOrientationLandscapeLeft UIInterfaceOrientationLandscapeRight";
				INFOPLIST_KEY_UISupportedInterfaceOrientations_iPhone = "UIInterfaceOrientationPortrait UIInterfaceOrientationLandscapeLeft UIInterfaceOrientationLandscapeRight";
				LD_RUNPATH_SEARCH_PATHS = (
					"$(inherited)",
					"@executable_path/Frameworks",
				);
				MARKETING_VERSION = 1.0;
				PRODUCT_BUNDLE_IDENTIFIER = kwk.EndoEase;
				PRODUCT_NAME = "$(TARGET_NAME)";
				SWIFT_EMIT_LOC_STRINGS = YES;
				SWIFT_VERSION = 5.0;
				TARGETED_DEVICE_FAMILY = "1,2";
			};
			name = Release;
		};
/* End XCBuildConfiguration section */

/* Begin XCConfigurationList section */
		42662F112A4B600D0064F77C /* Build configuration list for PBXProject "EndoEase" */ = {
			isa = XCConfigurationList;
			buildConfigurations = (
				42662F222A4B60130064F77C /* Debug */,
				42662F232A4B60130064F77C /* Release */,
			);
			defaultConfigurationIsVisible = 0;
			defaultConfigurationName = Release;
		};
		42662F242A4B60130064F77C /* Build configuration list for PBXNativeTarget "EndoEase" */ = {
			isa = XCConfigurationList;
			buildConfigurations = (
				42662F252A4B60130064F77C /* Debug */,
				42662F262A4B60130064F77C /* Release */,
			);
			defaultConfigurationIsVisible = 0;
			defaultConfigurationName = Release;
		};
/* End XCConfigurationList section */
	};
	rootObject = 42662F0E2A4B600D0064F77C /* Project object */;
}
